
Microsoft Visual Studio Solution File, Format Version 12.00
# Visual Studio Version 16
VisualStudioVersion = 16.0.30011.22
MinimumVisualStudioVersion = 10.0.40219.1
Project("{FAE04EC0-301F-11D3-BF4B-00C04F79EFBC}") = "ServiceLibrary.ConsoleApp", "ServiceLibrary.ConsoleApp\ServiceLibrary.ConsoleApp.csproj", "{ED7CBAC1-8D9A-42EA-90B6-8E09EEAEB6A1}"
EndProject
Global
	GlobalSection(SolutionConfigurationPlatforms) = preSolution
		Debug|Any CPU = Debug|Any CPU
		Release|Any CPU = Release|Any CPU
	EndGlobalSection
	GlobalSection(ProjectConfigurationPlatforms) = postSolution
		{ED7CBAC1-8D9A-42EA-90B6-8E09EEAEB6A1}.Debug|Any CPU.ActiveCfg = Debug|Any CPU
		{ED7CBAC1-8D9A-42EA-90B6-8E09EEAEB6A1}.Debug|Any CPU.Build.0 = Debug|Any CPU
		{ED7CBAC1-8D9A-42EA-90B6-8E09EEAEB6A1}.Release|Any CPU.ActiveCfg = Release|Any CPU
		{ED7CBAC1-8D9A-42EA-90B6-8E09EEAEB6A1}.Release|Any CPU.Build.0 = Release|Any CPU
	EndGlobalSection
	GlobalSection(SolutionProperties) = preSolution
		HideSolutionNode = FALSE
	EndGlobalSection
	GlobalSection(ExtensibilityGlobals) = postSolution
		SolutionGuid = {1A3CA2F5-17A9-46A2-BF06-7A7E90CFB15B}
	EndGlobalSection
EndGlobal
